// !$*UTF8*$!
{
	archiveVersion = 1;
	classes = {
	};
	objectVersion = 77;
	objects = {

/* Begin PBXContainerItemProxy section */
		35F702172CBCE27B00A9C10B /* PBXContainerItemProxy */ = {
			isa = PBXContainerItemProxy;
			containerPortal = 35F701F82CBCE27900A9C10B /* Project object */;
			proxyType = 1;
			remoteGlobalIDString = 35F701FF2CBCE27900A9C10B;
			remoteInfo = iOS_Movie_App;
		};
		35F702212CBCE27B00A9C10B /* PBXContainerItemProxy */ = {
			isa = PBXContainerItemProxy;
			containerPortal = 35F701F82CBCE27900A9C10B /* Project object */;
			proxyType = 1;
			remoteGlobalIDString = 35F701FF2CBCE27900A9C10B;
			remoteInfo = iOS_Movie_App;
		};
/* End PBXContainerItemProxy section */

/* Begin PBXFileReference section */
		35F702002CBCE27900A9C10B /* iOS_Movie_App.app */ = {isa = PBXFileReference; explicitFileType = wrapper.application; includeInIndex = 0; path = iOS_Movie_App.app; sourceTree = BUILT_PRODUCTS_DIR; };
		35F702162CBCE27B00A9C10B /* iOS_Movie_AppTests.xctest */ = {isa = PBXFileReference; explicitFileType = wrapper.cfbundle; includeInIndex = 0; path = iOS_Movie_AppTests.xctest; sourceTree = BUILT_PRODUCTS_DIR; };
		35F702202CBCE27B00A9C10B /* iOS_Movie_AppUITests.xctest */ = {isa = PBXFileReference; explicitFileType = wrapper.cfbundle; includeInIndex = 0; path = iOS_Movie_AppUITests.xctest; sourceTree = BUILT_PRODUCTS_DIR; };
/* End PBXFileReference section */

/* Begin PBXFileSystemSynchronizedBuildFileExceptionSet section */
		35F702282CBCE27B00A9C10B /* Exceptions for "iOS_Movie_App" folder in "iOS_Movie_App" target */ = {
			isa = PBXFileSystemSynchronizedBuildFileExceptionSet;
			membershipExceptions = (
				Info.plist,
			);
			target = 35F701FF2CBCE27900A9C10B /* iOS_Movie_App */;
		};
/* End PBXFileSystemSynchronizedBuildFileExceptionSet section */

/* Begin PBXFileSystemSynchronizedRootGroup section */
		35F702022CBCE27900A9C10B /* iOS_Movie_App */ = {
			isa = PBXFileSystemSynchronizedRootGroup;
			exceptions = (
				35F702282CBCE27B00A9C10B /* Exceptions for "iOS_Movie_App" folder in "iOS_Movie_App" target */,
			);
			path = iOS_Movie_App;
			sourceTree = "<group>";
		};
		35F702192CBCE27B00A9C10B /* iOS_Movie_AppTests */ = {
			isa = PBXFileSystemSynchronizedRootGroup;
			path = iOS_Movie_AppTests;
			sourceTree = "<group>";
		};
		35F702232CBCE27B00A9C10B /* iOS_Movie_AppUITests */ = {
			isa = PBXFileSystemSynchronizedRootGroup;
			path = iOS_Movie_AppUITests;
			sourceTree = "<group>";
		};
/* End PBXFileSystemSynchronizedRootGroup section */

/* Begin PBXFrameworksBuildPhase section */
		35F701FD2CBCE27900A9C10B /* Frameworks */ = {
			isa = PBXFrameworksBuildPhase;
			buildActionMask = 2147483647;
			files = (
			);
			runOnlyForDeploymentPostprocessing = 0;
		};
		35F702132CBCE27B00A9C10B /* Frameworks */ = {
			isa = PBXFrameworksBuildPhase;
			buildActionMask = 2147483647;
			files = (
			);
			runOnlyForDeploymentPostprocessing = 0;
		};
		35F7021D2CBCE27B00A9C10B /* Frameworks */ = {
			isa = PBXFrameworksBuildPhase;
			buildActionMask = 2147483647;
			files = (
			);
			runOnlyForDeploymentPostprocessing = 0;
		};
/* End PBXFrameworksBuildPhase section */

/* Begin PBXGroup section */
		35F701F72CBCE27900A9C10B = {
			isa = PBXGroup;
			children = (
				35F702022CBCE27900A9C10B /* iOS_Movie_App */,
				35F702192CBCE27B00A9C10B /* iOS_Movie_AppTests */,
				35F702232CBCE27B00A9C10B /* iOS_Movie_AppUITests */,
				35F702012CBCE27900A9C10B /* Products */,
			);
			sourceTree = "<group>";
		};
		35F702012CBCE27900A9C10B /* Products */ = {
			isa = PBXGroup;
			children = (
				35F702002CBCE27900A9C10B /* iOS_Movie_App.app */,
				35F702162CBCE27B00A9C10B /* iOS_Movie_AppTests.xctest */,
				35F702202CBCE27B00A9C10B /* iOS_Movie_AppUITests.xctest */,
			);
			name = Products;
			sourceTree = "<group>";
		};
/* End PBXGroup section */

/* Begin PBXNativeTarget section */
		35F701FF2CBCE27900A9C10B /* iOS_Movie_App */ = {
			isa = PBXNativeTarget;
			buildConfigurationList = 35F702292CBCE27B00A9C10B /* Build configuration list for PBXNativeTarget "iOS_Movie_App" */;
			buildPhases = (
				35F701FC2CBCE27900A9C10B /* Sources */,
				35F701FD2CBCE27900A9C10B /* Frameworks */,
				35F701FE2CBCE27900A9C10B /* Resources */,
			);
			buildRules = (
			);
			dependencies = (
			);
			fileSystemSynchronizedGroups = (
				35F702022CBCE27900A9C10B /* iOS_Movie_App */,
			);
			name = iOS_Movie_App;
			packageProductDependencies = (
			);
			productName = iOS_Movie_App;
			productReference = 35F702002CBCE27900A9C10B /* iOS_Movie_App.app */;
			productType = "com.apple.product-type.application";
		};
		35F702152CBCE27B00A9C10B /* iOS_Movie_AppTests */ = {
			isa = PBXNativeTarget;
			buildConfigurationList = 35F7022E2CBCE27B00A9C10B /* Build configuration list for PBXNativeTarget "iOS_Movie_AppTests" */;
			buildPhases = (
				35F702122CBCE27B00A9C10B /* Sources */,
				35F702132CBCE27B00A9C10B /* Frameworks */,
				35F702142CBCE27B00A9C10B /* Resources */,
			);
			buildRules = (
			);
			dependencies = (
				35F702182CBCE27B00A9C10B /* PBXTargetDependency */,
			);
			fileSystemSynchronizedGroups = (
				35F702192CBCE27B00A9C10B /* iOS_Movie_AppTests */,
			);
			name = iOS_Movie_AppTests;
			packageProductDependencies = (
			);
			productName = iOS_Movie_AppTests;
			productReference = 35F702162CBCE27B00A9C10B /* iOS_Movie_AppTests.xctest */;
			productType = "com.apple.product-type.bundle.unit-test";
		};
		35F7021F2CBCE27B00A9C10B /* iOS_Movie_AppUITests */ = {
			isa = PBXNativeTarget;
			buildConfigurationList = 35F702312CBCE27B00A9C10B /* Build configuration list for PBXNativeTarget "iOS_Movie_AppUITests" */;
			buildPhases = (
				35F7021C2CBCE27B00A9C10B /* Sources */,
				35F7021D2CBCE27B00A9C10B /* Frameworks */,
				35F7021E2CBCE27B00A9C10B /* Resources */,
			);
			buildRules = (
			);
			dependencies = (
				35F702222CBCE27B00A9C10B /* PBXTargetDependency */,
			);
			fileSystemSynchronizedGroups = (
				35F702232CBCE27B00A9C10B /* iOS_Movie_AppUITests */,
			);
			name = iOS_Movie_AppUITests;
			packageProductDependencies = (
			);
			productName = iOS_Movie_AppUITests;
			productReference = 35F702202CBCE27B00A9C10B /* iOS_Movie_AppUITests.xctest */;
			productType = "com.apple.product-type.bundle.ui-testing";
		};
/* End PBXNativeTarget section */

/* Begin PBXProject section */
		35F701F82CBCE27900A9C10B /* Project object */ = {
			isa = PBXProject;
			attributes = {
				BuildIndependentTargetsInParallel = 1;
				LastSwiftUpdateCheck = 1600;
				LastUpgradeCheck = 1600;
				TargetAttributes = {
					35F701FF2CBCE27900A9C10B = {
						CreatedOnToolsVersion = 16.0;
					};
					35F702152CBCE27B00A9C10B = {
						CreatedOnToolsVersion = 16.0;
						TestTargetID = 35F701FF2CBCE27900A9C10B;
					};
					35F7021F2CBCE27B00A9C10B = {
						CreatedOnToolsVersion = 16.0;
						TestTargetID = 35F701FF2CBCE27900A9C10B;
					};
				};
			};
			buildConfigurationList = 35F701FB2CBCE27900A9C10B /* Build configuration list for PBXProject "iOS_Movie_App" */;
			developmentRegion = en;
			hasScannedForEncodings = 0;
			knownRegions = (
				en,
				Base,
			);
			mainGroup = 35F701F72CBCE27900A9C10B;
			minimizedProjectReferenceProxies = 1;
			preferredProjectObjectVersion = 77;
			productRefGroup = 35F702012CBCE27900A9C10B /* Products */;
			projectDirPath = "";
			projectRoot = "";
			targets = (
				35F701FF2CBCE27900A9C10B /* iOS_Movie_App */,
				35F702152CBCE27B00A9C10B /* iOS_Movie_AppTests */,
				35F7021F2CBCE27B00A9C10B /* iOS_Movie_AppUITests */,
			);
		};
/* End PBXProject section */

/* Begin PBXResourcesBuildPhase section */
		35F701FE2CBCE27900A9C10B /* Resources */ = {
			isa = PBXResourcesBuildPhase;
			buildActionMask = 2147483647;
			files = (
			);
			runOnlyForDeploymentPostprocessing = 0;
		};
		35F702142CBCE27B00A9C10B /* Resources */ = {
			isa = PBXResourcesBuildPhase;
			buildActionMask = 2147483647;
			files = (
			);
			runOnlyForDeploymentPostprocessing = 0;
		};
		35F7021E2CBCE27B00A9C10B /* Resources */ = {
			isa = PBXResourcesBuildPhase;
			buildActionMask = 2147483647;
			files = (
			);
			runOnlyForDeploymentPostprocessing = 0;
		};
/* End PBXResourcesBuildPhase section */

/* Begin PBXSourcesBuildPhase section */
		35F701FC2CBCE27900A9C10B /* Sources */ = {
			isa = PBXSourcesBuildPhase;
			buildActionMask = 2147483647;
			files = (
			);
			runOnlyForDeploymentPostprocessing = 0;
		};
		35F702122CBCE27B00A9C10B /* Sources */ = {
			isa = PBXSourcesBuildPhase;
			buildActionMask = 2147483647;
			files = (
			);
			runOnlyForDeploymentPostprocessing = 0;
		};
		35F7021C2CBCE27B00A9C10B /* Sources */ = {
			isa = PBXSourcesBuildPhase;
			buildActionMask = 2147483647;
			files = (
			);
			runOnlyForDeploymentPostprocessing = 0;
		};
/* End PBXSourcesBuildPhase section */

/* Begin PBXTargetDependency section */
		35F702182CBCE27B00A9C10B /* PBXTargetDependency */ = {
			isa = PBXTargetDependency;
			target = 35F701FF2CBCE27900A9C10B /* iOS_Movie_App */;
			targetProxy = 35F702172CBCE27B00A9C10B /* PBXContainerItemProxy */;
		};
		35F702222CBCE27B00A9C10B /* PBXTargetDependency */ = {
			isa = PBXTargetDependency;
			target = 35F701FF2CBCE27900A9C10B /* iOS_Movie_App */;
			targetProxy = 35F702212CBCE27B00A9C10B /* PBXContainerItemProxy */;
		};
/* End PBXTargetDependency section */

/* Begin XCBuildConfiguration section */
		35F7022A2CBCE27B00A9C10B /* Debug */ = {
			isa = XCBuildConfiguration;
			buildSettings = {
				ASSETCATALOG_COMPILER_APPICON_NAME = AppIcon;
				ASSETCATALOG_COMPILER_GLOBAL_ACCENT_COLOR_NAME = AccentColor;
				CODE_SIGN_STYLE = Automatic;
				CURRENT_PROJECT_VERSION = 1;
				DEVELOPMENT_TEAM = 7ZY356CF7V;
				GENERATE_INFOPLIST_FILE = YES;
				INFOPLIST_FILE = iOS_Movie_App/Info.plist;
				INFOPLIST_KEY_UIApplicationSupportsIndirectInputEvents = YES;
				INFOPLIST_KEY_UILaunchStoryboardName = LaunchScreen;
				INFOPLIST_KEY_UIMainStoryboardFile = Main;
				INFOPLIST_KEY_UISupportedInterfaceOrientations_iPad = "UIInterfaceOrientationPortrait UIInterfaceOrientationPortraitUpsideDown UIInterfaceOrientationLandscapeLeft UIInterfaceOrientationLandscapeRight";
				INFOPLIST_KEY_UISupportedInterfaceOrientations_iPhone = "UIInterfaceOrientationPortrait UIInterfaceOrientationLandscapeLeft UIInterfaceOrientationLandscapeRight";
				LD_RUNPATH_SEARCH_PATHS = (
					"$(inherited)",
					"@executable_path/Frameworks",
				);
				MARKETING_VERSION = 1.0;
				PRODUCT_BUNDLE_IDENTIFIER = "com.hamzaahmedshadbrain.coreMLDemoApp.iOS-Movie-App";
				PRODUCT_NAME = "$(TARGET_NAME)";
				SUPPORTED_PLATFORMS = "iphoneos iphonesimulator";
				SUPPORTS_MACCATALYST = NO;
				SUPPORTS_MAC_DESIGNED_FOR_IPHONE_IPAD = NO;
				SUPPORTS_XR_DESIGNED_FOR_IPHONE_IPAD = NO;
				SWIFT_EMIT_LOC_STRINGS = YES;
				SWIFT_VERSION = 5.0;
				TARGETED_DEVICE_FAMILY = 1;
			};
			name = Debug;
		};
		35F7022B2CBCE27B00A9C10B /* Release */ = {
			isa = XCBuildConfiguration;
			buildSettings = {
				ASSETCATALOG_COMPILER_APPICON_NAME = AppIcon;
				ASSETCATALOG_COMPILER_GLOBAL_ACCENT_COLOR_NAME = AccentColor;
				CODE_SIGN_STYLE = Automatic;
				CURRENT_PROJECT_VERSION = 1;
				DEVELOPMENT_TEAM = 7ZY356CF7V;
				GENERATE_INFOPLIST_FILE = YES;
				INFOPLIST_FILE = iOS_Movie_App/Info.plist;
				INFOPLIST_KEY_UIApplicationSupportsIndirectInputEvents = YES;
				INFOPLIST_KEY_UILaunchStoryboardName = LaunchScreen;
				INFOPLIST_KEY_UIMainStoryboardFile = Main;
				INFOPLIST_KEY_UISupportedInterfaceOrientations_iPad = "UIInterfaceOrientationPortrait UIInterfaceOrientationPortraitUpsideDown UIInterfaceOrientationLandscapeLeft UIInterfaceOrientationLandscapeRight";
				INFOPLIST_KEY_UISupportedInterfaceOrientations_iPhone = "UIInterfaceOrientationPortrait UIInterfaceOrientationLandscapeLeft UIInterfaceOrientationLandscapeRight";
				LD_RUNPATH_SEARCH_PATHS = (
					"$(inherited)",
					"@executable_path/Frameworks",
				);
				MARKETING_VERSION = 1.0;
				PRODUCT_BUNDLE_IDENTIFIER = "com.hamzaahmedshadbrain.coreMLDemoApp.iOS-Movie-App";
				PRODUCT_NAME = "$(TARGET_NAME)";
				SUPPORTED_PLATFORMS = "iphoneos iphonesimulator";
				SUPPORTS_MACCATALYST = NO;
				SUPPORTS_MAC_DESIGNED_FOR_IPHONE_IPAD = NO;
				SUPPORTS_XR_DESIGNED_FOR_IPHONE_IPAD = NO;
				SWIFT_EMIT_LOC_STRINGS = YES;
				SWIFT_VERSION = 5.0;
				TARGETED_DEVICE_FAMILY = 1;
			};
			name = Release;
		};
		35F7022C2CBCE27B00A9C10B /* Debug */ = {
			isa = XCBuildConfiguration;
			buildSettings = {
				ALWAYS_SEARCH_USER_PATHS = NO;
				ASSETCATALOG_COMPILER_GENERATE_SWIFT_ASSET_SYMBOL_EXTENSIONS = YES;
				CLANG_ANALYZER_NONNULL = YES;
				CLANG_ANALYZER_NUMBER_OBJECT_CONVERSION = YES_AGGRESSIVE;
				CLANG_CXX_LANGUAGE_STANDARD = "gnu++20";
				CLANG_ENABLE_MODULES = YES;
				CLANG_ENABLE_OBJC_ARC = YES;
				CLANG_ENABLE_OBJC_WEAK = YES;
				CLANG_WARN_BLOCK_CAPTURE_AUTORELEASING = YES;
				CLANG_WARN_BOOL_CONVERSION = YES;
				CLANG_WARN_COMMA = YES;
				CLANG_WARN_CONSTANT_CONVERSION = YES;
				CLANG_WARN_DEPRECATED_OBJC_IMPLEMENTATIONS = YES;
				CLANG_WARN_DIRECT_OBJC_ISA_USAGE = YES_ERROR;
				CLANG_WARN_DOCUMENTATION_COMMENTS = YES;
				CLANG_WARN_EMPTY_BODY = YES;
				CLANG_WARN_ENUM_CONVERSION = YES;
				CLANG_WARN_INFINITE_RECURSION = YES;
				CLANG_WARN_INT_CONVERSION = YES;
				CLANG_WARN_NON_LITERAL_NULL_CONVERSION = YES;
				CLANG_WARN_OBJC_IMPLICIT_RETAIN_SELF = YES;
				CLANG_WARN_OBJC_LITERAL_CONVERSION = YES;
				CLANG_WARN_OBJC_ROOT_CLASS = YES_ERROR;
				CLANG_WARN_QUOTED_INCLUDE_IN_FRAMEWORK_HEADER = YES;
				CLANG_WARN_RANGE_LOOP_ANALYSIS = YES;
				CLANG_WARN_STRICT_PROTOTYPES = YES;
				CLANG_WARN_SUSPICIOUS_MOVE = YES;
				CLANG_WARN_UNGUARDED_AVAILABILITY = YES_AGGRESSIVE;
				CLANG_WARN_UNREACHABLE_CODE = YES;
				CLANG_WARN__DUPLICATE_METHOD_MATCH = YES;
				COPY_PHASE_STRIP = NO;
				DEBUG_INFORMATION_FORMAT = dwarf;
				ENABLE_STRICT_OBJC_MSGSEND = YES;
				ENABLE_TESTABILITY = YES;
				ENABLE_USER_SCRIPT_SANDBOXING = YES;
				GCC_C_LANGUAGE_STANDARD = gnu17;
				GCC_DYNAMIC_NO_PIC = NO;
				GCC_NO_COMMON_BLOCKS = YES;
				GCC_OPTIMIZATION_LEVEL = 0;
				GCC_PREPROCESSOR_DEFINITIONS = (
					"DEBUG=1",
					"$(inherited)",
				);
				GCC_WARN_64_TO_32_BIT_CONVERSION = YES;
				GCC_WARN_ABOUT_RETURN_TYPE = YES_ERROR;
				GCC_WARN_UNDECLARED_SELECTOR = YES;
				GCC_WARN_UNINITIALIZED_AUTOS = YES_AGGRESSIVE;
				GCC_WARN_UNUSED_FUNCTION = YES;
				GCC_WARN_UNUSED_VARIABLE = YES;
				IPHONEOS_DEPLOYMENT_TARGET = 18.0;
				LOCALIZATION_PREFERS_STRING_CATALOGS = YES;
				MTL_ENABLE_DEBUG_INFO = INCLUDE_SOURCE;
				MTL_FAST_MATH = YES;
				ONLY_ACTIVE_ARCH = YES;
				SDKROOT = iphoneos;
				SWIFT_ACTIVE_COMPILATION_CONDITIONS = "DEBUG $(inherited)";
				SWIFT_OPTIMIZATION_LEVEL = "-Onone";
			};
			name = Debug;
		};
		35F7022D2CBCE27B00A9C10B /* Release */ = {
			isa = XCBuildConfiguration;
			buildSettings = {
				ALWAYS_SEARCH_USER_PATHS = NO;
				ASSETCATALOG_COMPILER_GENERATE_SWIFT_ASSET_SYMBOL_EXTENSIONS = YES;
				CLANG_ANALYZER_NONNULL = YES;
				CLANG_ANALYZER_NUMBER_OBJECT_CONVERSION = YES_AGGRESSIVE;
				CLANG_CXX_LANGUAGE_STANDARD = "gnu++20";
				CLANG_ENABLE_MODULES = YES;
				CLANG_ENABLE_OBJC_ARC = YES;
				CLANG_ENABLE_OBJC_WEAK = YES;
				CLANG_WARN_BLOCK_CAPTURE_AUTORELEASING = YES;
				CLANG_WARN_BOOL_CONVERSION = YES;
				CLANG_WARN_COMMA = YES;
				CLANG_WARN_CONSTANT_CONVERSION = YES;
				CLANG_WARN_DEPRECATED_OBJC_IMPLEMENTATIONS = YES;
				CLANG_WARN_DIRECT_OBJC_ISA_USAGE = YES_ERROR;
				CLANG_WARN_DOCUMENTATION_COMMENTS = YES;
				CLANG_WARN_EMPTY_BODY = YES;
				CLANG_WARN_ENUM_CONVERSION = YES;
				CLANG_WARN_INFINITE_RECURSION = YES;
				CLANG_WARN_INT_CONVERSION = YES;
				CLANG_WARN_NON_LITERAL_NULL_CONVERSION = YES;
				CLANG_WARN_OBJC_IMPLICIT_RETAIN_SELF = YES;
				CLANG_WARN_OBJC_LITERAL_CONVERSION = YES;
				CLANG_WARN_OBJC_ROOT_CLASS = YES_ERROR;
				CLANG_WARN_QUOTED_INCLUDE_IN_FRAMEWORK_HEADER = YES;
				CLANG_WARN_RANGE_LOOP_ANALYSIS = YES;
				CLANG_WARN_STRICT_PROTOTYPES = YES;
				CLANG_WARN_SUSPICIOUS_MOVE = YES;
				CLANG_WARN_UNGUARDED_AVAILABILITY = YES_AGGRESSIVE;
				CLANG_WARN_UNREACHABLE_CODE = YES;
				CLANG_WARN__DUPLICATE_METHOD_MATCH = YES;
				COPY_PHASE_STRIP = NO;
				DEBUG_INFORMATION_FORMAT = "dwarf-with-dsym";
				ENABLE_NS_ASSERTIONS = NO;
				ENABLE_STRICT_OBJC_MSGSEND = YES;
				ENABLE_USER_SCRIPT_SANDBOXING = YES;
				GCC_C_LANGUAGE_STANDARD = gnu17;
				GCC_NO_COMMON_BLOCKS = YES;
				GCC_WARN_64_TO_32_BIT_CONVERSION = YES;
				GCC_WARN_ABOUT_RETURN_TYPE = YES_ERROR;
				GCC_WARN_UNDECLARED_SELECTOR = YES;
				GCC_WARN_UNINITIALIZED_AUTOS = YES_AGGRESSIVE;
				GCC_WARN_UNUSED_FUNCTION = YES;
				GCC_WARN_UNUSED_VARIABLE = YES;
				IPHONEOS_DEPLOYMENT_TARGET = 18.0;
				LOCALIZATION_PREFERS_STRING_CATALOGS = YES;
				MTL_ENABLE_DEBUG_INFO = NO;
				MTL_FAST_MATH = YES;
				SDKROOT = iphoneos;
				SWIFT_COMPILATION_MODE = wholemodule;
				VALIDATE_PRODUCT = YES;
			};
			name = Release;
		};
		35F7022F2CBCE27B00A9C10B /* Debug */ = {
			isa = XCBuildConfiguration;
			buildSettings = {
				BUNDLE_LOADER = "$(TEST_HOST)";
				CODE_SIGN_STYLE = Automatic;
				CURRENT_PROJECT_VERSION = 1;
				DEVELOPMENT_TEAM = 7ZY356CF7V;
				GENERATE_INFOPLIST_FILE = YES;
				IPHONEOS_DEPLOYMENT_TARGET = 18.0;
				MARKETING_VERSION = 1.0;
				PRODUCT_BUNDLE_IDENTIFIER = "com.hamzaahmedshadbrain.coreMLDemoApp.iOS-Movie-AppTests";
				PRODUCT_NAME = "$(TARGET_NAME)";
				SWIFT_EMIT_LOC_STRINGS = NO;
				SWIFT_VERSION = 5.0;
				TARGETED_DEVICE_FAMILY = "1,2";
				TEST_HOST = "$(BUILT_PRODUCTS_DIR)/iOS_Movie_App.app/$(BUNDLE_EXECUTABLE_FOLDER_PATH)/iOS_Movie_App";
			};
			name = Debug;
		};
		35F702302CBCE27B00A9C10B /* Release */ = {
			isa = XCBuildConfiguration;
			buildSettings = {
				BUNDLE_LOADER = "$(TEST_HOST)";
				CODE_SIGN_STYLE = Automatic;
				CURRENT_PROJECT_VERSION = 1;
				DEVELOPMENT_TEAM = 7ZY356CF7V;
				GENERATE_INFOPLIST_FILE = YES;
				IPHONEOS_DEPLOYMENT_TARGET = 18.0;
				MARKETING_VERSION = 1.0;
				PRODUCT_BUNDLE_IDENTIFIER = "com.hamzaahmedshadbrain.coreMLDemoApp.iOS-Movie-AppTests";
				PRODUCT_NAME = "$(TARGET_NAME)";
				SWIFT_EMIT_LOC_STRINGS = NO;
				SWIFT_VERSION = 5.0;
				TARGETED_DEVICE_FAMILY = "1,2";
				TEST_HOST = "$(BUILT_PRODUCTS_DIR)/iOS_Movie_App.app/$(BUNDLE_EXECUTABLE_FOLDER_PATH)/iOS_Movie_App";
			};
			name = Release;
		};
		35F702322CBCE27B00A9C10B /* Debug */ = {
			isa = XCBuildConfiguration;
			buildSettings = {
				CODE_SIGN_STYLE = Automatic;
				CURRENT_PROJECT_VERSION = 1;
				DEVELOPMENT_TEAM = 7ZY356CF7V;
				GENERATE_INFOPLIST_FILE = YES;
				MARKETING_VERSION = 1.0;
				PRODUCT_BUNDLE_IDENTIFIER = "com.hamzaahmedshadbrain.coreMLDemoApp.iOS-Movie-AppUITests";
				PRODUCT_NAME = "$(TARGET_NAME)";
				SWIFT_EMIT_LOC_STRINGS = NO;
				SWIFT_VERSION = 5.0;
				TARGETED_DEVICE_FAMILY = "1,2";
				TEST_TARGET_NAME = iOS_Movie_App;
			};
			name = Debug;
		};
		35F702332CBCE27B00A9C10B /* Release */ = {
			isa = XCBuildConfiguration;
			buildSettings = {
				CODE_SIGN_STYLE = Automatic;
				CURRENT_PROJECT_VERSION = 1;
				DEVELOPMENT_TEAM = 7ZY356CF7V;
				GENERATE_INFOPLIST_FILE = YES;
				MARKETING_VERSION = 1.0;
				PRODUCT_BUNDLE_IDENTIFIER = "com.hamzaahmedshadbrain.coreMLDemoApp.iOS-Movie-AppUITests";
				PRODUCT_NAME = "$(TARGET_NAME)";
				SWIFT_EMIT_LOC_STRINGS = NO;
				SWIFT_VERSION = 5.0;
				TARGETED_DEVICE_FAMILY = "1,2";
				TEST_TARGET_NAME = iOS_Movie_App;
			};
			name = Release;
		};
/* End XCBuildConfiguration section */

/* Begin XCConfigurationList section */
		35F701FB2CBCE27900A9C10B /* Build configuration list for PBXProject "iOS_Movie_App" */ = {
			isa = XCConfigurationList;
			buildConfigurations = (
				35F7022C2CBCE27B00A9C10B /* Debug */,
				35F7022D2CBCE27B00A9C10B /* Release */,
			);
			defaultConfigurationIsVisible = 0;
			defaultConfigurationName = Release;
		};
		35F702292CBCE27B00A9C10B /* Build configuration list for PBXNativeTarget "iOS_Movie_App" */ = {
			isa = XCConfigurationList;
			buildConfigurations = (
				35F7022A2CBCE27B00A9C10B /* Debug */,
				35F7022B2CBCE27B00A9C10B /* Release */,
			);
			defaultConfigurationIsVisible = 0;
			defaultConfigurationName = Release;
		};
		35F7022E2CBCE27B00A9C10B /* Build configuration list for PBXNativeTarget "iOS_Movie_AppTests" */ = {
			isa = XCConfigurationList;
			buildConfigurations = (
				35F7022F2CBCE27B00A9C10B /* Debug */,
				35F702302CBCE27B00A9C10B /* Release */,
			);
			defaultConfigurationIsVisible = 0;
			defaultConfigurationName = Release;
		};
		35F702312CBCE27B00A9C10B /* Build configuration list for PBXNativeTarget "iOS_Movie_AppUITests" */ = {
			isa = XCConfigurationList;
			buildConfigurations = (
				35F702322CBCE27B00A9C10B /* Debug */,
				35F702332CBCE27B00A9C10B /* Release */,
			);
			defaultConfigurationIsVisible = 0;
			defaultConfigurationName = Release;
		};
/* End XCConfigurationList section */
	};
	rootObject = 35F701F82CBCE27900A9C10B /* Project object */;
}
